
Microsoft Visual Studio Solution File, Format Version 12.00
# Visual Studio 15
VisualStudioVersion = 15.0.27130.2020
MinimumVisualStudioVersion = 10.0.40219.1
Project("{9A19103F-16F7-4668-BE54-9A1E7A4F7556}") = "TodoApi", "TodoApi\TodoApi.csproj", "{21920CB7-E35C-49E5-A8C7-6CC7712F8920}"
EndProject
Project("{FAE04EC0-301F-11D3-BF4B-00C04F79EFBC}") = "TodoApi.Model", "TodoApi.Model\TodoApi.Model.csproj", "{8A3EF91D-C680-4144-AB64-79D8010C0238}"
EndProject
Project("{FAE04EC0-301F-11D3-BF4B-00C04F79EFBC}") = "TodoApi.Data", "TodoApi.Data\TodoApi.Data.csproj", "{CE14C330-9895-4E08-8285-163185CE3B9D}"
EndProject
Project("{FAE04EC0-301F-11D3-BF4B-00C04F79EFBC}") = "Todo.Service", "Todo.Service\Todo.Service.csproj", "{09F48600-D62A-46D6-80F2-1564277A8EE6}"
EndProject
Global
	GlobalSection(SolutionConfigurationPlatforms) = preSolution
		Debug|Any CPU = Debug|Any CPU
		Release|Any CPU = Release|Any CPU
	EndGlobalSection
	GlobalSection(ProjectConfigurationPlatforms) = postSolution
		{21920CB7-E35C-49E5-A8C7-6CC7712F8920}.Debug|Any CPU.ActiveCfg = Debug|Any CPU
		{21920CB7-E35C-49E5-A8C7-6CC7712F8920}.Debug|Any CPU.Build.0 = Debug|Any CPU
		{21920CB7-E35C-49E5-A8C7-6CC7712F8920}.Release|Any CPU.ActiveCfg = Release|Any CPU
		{21920CB7-E35C-49E5-A8C7-6CC7712F8920}.Release|Any CPU.Build.0 = Release|Any CPU
		{8A3EF91D-C680-4144-AB64-79D8010C0238}.Debug|Any CPU.ActiveCfg = Debug|Any CPU
		{8A3EF91D-C680-4144-AB64-79D8010C0238}.Debug|Any CPU.Build.0 = Debug|Any CPU
		{8A3EF91D-C680-4144-AB64-79D8010C0238}.Release|Any CPU.ActiveCfg = Release|Any CPU
		{8A3EF91D-C680-4144-AB64-79D8010C0238}.Release|Any CPU.Build.0 = Release|Any CPU
		{CE14C330-9895-4E08-8285-163185CE3B9D}.Debug|Any CPU.ActiveCfg = Debug|Any CPU
		{CE14C330-9895-4E08-8285-163185CE3B9D}.Debug|Any CPU.Build.0 = Debug|Any CPU
		{CE14C330-9895-4E08-8285-163185CE3B9D}.Release|Any CPU.ActiveCfg = Release|Any CPU
		{CE14C330-9895-4E08-8285-163185CE3B9D}.Release|Any CPU.Build.0 = Release|Any CPU
		{09F48600-D62A-46D6-80F2-1564277A8EE6}.Debug|Any CPU.ActiveCfg = Debug|Any CPU
		{09F48600-D62A-46D6-80F2-1564277A8EE6}.Debug|Any CPU.Build.0 = Debug|Any CPU
		{09F48600-D62A-46D6-80F2-1564277A8EE6}.Release|Any CPU.ActiveCfg = Release|Any CPU
		{09F48600-D62A-46D6-80F2-1564277A8EE6}.Release|Any CPU.Build.0 = Release|Any CPU
	EndGlobalSection
	GlobalSection(SolutionProperties) = preSolution
		HideSolutionNode = FALSE
	EndGlobalSection
	GlobalSection(ExtensibilityGlobals) = postSolution
		SolutionGuid = {FA91C16E-1928-412B-875F-BFF8E5243555}
	EndGlobalSection
EndGlobal
